PODS:
  - Bolts/Tasks (1.7.0)
  - Google-Mobile-Ads-SDK (7.11.0)
  - Google/Analytics (2.0.3):
    - Google/Core
    - GoogleAnalytics (~> 3.12)
  - Google/Core (2.0.3):
    - GoogleInterchangeUtilities (~> 1.0)
    - GoogleNetworkingUtilities (~> 1.0)
    - GoogleSymbolUtilities (~> 1.0)
    - GoogleUtilities (~> 1.1)
  - GoogleAnalytics (3.14.0)
  - GoogleIDFASupport (3.14.0)
  - GoogleInterchangeUtilities (1.2.0):
    - GoogleSymbolUtilities (~> 1.0)
  - GoogleNetworkingUtilities (1.2.0):
    - GoogleSymbolUtilities (~> 1.0)
  - GoogleSymbolUtilities (1.1.0)
  - GoogleUtilities (1.2.0):
    - GoogleSymbolUtilities (~> 1.0)
  - HanekeSwift (0.10.1)
  - Parse (1.13.0):
    - Bolts/Tasks (~> 1.6)
  - SwiftyJSON (2.3.2)

DEPENDENCIES:
  - Google-Mobile-Ads-SDK (~> 7.11.0)
  - Google/Analytics
  - GoogleIDFASupport
  - HanekeSwift
  - Parse
  - SwiftyJSON (from `https://github.com/SwiftyJSON/SwiftyJSON.git`)

EXTERNAL SOURCES:
  SwiftyJSON:
    :git: https://github.com/SwiftyJSON/SwiftyJSON.git

CHECKOUT OPTIONS:
  SwiftyJSON:
    :commit: 2a5b70f06001316d4fb54501edc70b4084705da0
    :git: https://github.com/SwiftyJSON/SwiftyJSON.git

SPEC CHECKSUMS:
  Bolts: a0058fa3b331c5a1e4402d534f2dae36dbff31e4
  Google: 61379f0072bc561a7e174d23a6cbe41bd6d8599c
  Google-Mobile-Ads-SDK: 0e864ab93ba1ff8afe92e16de0e4e883f581ed33
  GoogleAnalytics: 9be1afdb8deeac4bb5f13ca7f7d3b9db2a1f43dc
  GoogleIDFASupport: aaf8c10bd429abb1c15349d5252244f5eda8ead1
  GoogleInterchangeUtilities: 427382e42d8a340038bec37c6fdfd316e14b5fa2
  GoogleNetworkingUtilities: ec1e9911aca811eb18b7144394fee6168b607785
  GoogleSymbolUtilities: eb3965ea12710569c7b80db198a39e39b18613f7
  GoogleUtilities: 85f8ad6b251544286a97163133d042ec95f889c5
  HanekeSwift: 08e47d3d0f2899ec58e5d257beba0de619aca9e8
  Parse: f51c24d2feb412e4b2d6cc73d37cb24e8d0089bc
  SwiftyJSON: 04ccea08915aa0109039157c7974cf0298da292a

PODFILE CHECKSUM: ad82ed15615b720fa30f3f93aadc4c9a009aead9

COCOAPODS: 1.1.1
